
Microsoft Visual Studio Solution File, Format Version 12.00
# Visual Studio Version 17
VisualStudioVersion = 17.5.002.0
MinimumVisualStudioVersion = 10.0.40219.1
Project("{9A19103F-16F7-4668-BE54-9A1E7A4F7556}") = "SmartInventoryBE", "SmartInventoryBE.csproj", "{2A411D19-45BB-43CF-8F42-5689F2888A00}"
EndProject
Global
	GlobalSection(SolutionConfigurationPlatforms) = preSolution
		Debug|Any CPU = Debug|Any CPU
		Release|Any CPU = Release|Any CPU
	EndGlobalSection
	GlobalSection(ProjectConfigurationPlatforms) = postSolution
		{2A411D19-45BB-43CF-8F42-5689F2888A00}.Debug|Any CPU.ActiveCfg = Debug|Any CPU
		{2A411D19-45BB-43CF-8F42-5689F2888A00}.Debug|Any CPU.Build.0 = Debug|Any CPU
		{2A411D19-45BB-43CF-8F42-5689F2888A00}.Release|Any CPU.ActiveCfg = Release|Any CPU
		{2A411D19-45BB-43CF-8F42-5689F2888A00}.Release|Any CPU.Build.0 = Release|Any CPU
	EndGlobalSection
	GlobalSection(SolutionProperties) = preSolution
		HideSolutionNode = FALSE
	EndGlobalSection
	GlobalSection(ExtensibilityGlobals) = postSolution
		SolutionGuid = {FC9DBF6A-CBED-45F1-B016-DB4C7AD527C8}
	EndGlobalSection
EndGlobal
